
Microsoft Visual Studio Solution File, Format Version 11.00
# Visual Studio 2010
Project("{FAE04EC0-301F-11D3-BF4B-00C04F79EFBC}") = "KladrApiClient", "KladrApiClient\KladrApiClient.csproj", "{AE29C5AD-8741-437A-9D78-972B2A4194DA}"
EndProject
Global
	GlobalSection(SolutionConfigurationPlatforms) = preSolution
		Debug|Any CPU = Debug|Any CPU
		Release|Any CPU = Release|Any CPU
	EndGlobalSection
	GlobalSection(ProjectConfigurationPlatforms) = postSolution
		{AE29C5AD-8741-437A-9D78-972B2A4194DA}.Debug|Any CPU.ActiveCfg = Debug|Any CPU
		{AE29C5AD-8741-437A-9D78-972B2A4194DA}.Debug|Any CPU.Build.0 = Debug|Any CPU
		{AE29C5AD-8741-437A-9D78-972B2A4194DA}.Release|Any CPU.ActiveCfg = Release|Any CPU
		{AE29C5AD-8741-437A-9D78-972B2A4194DA}.Release|Any CPU.Build.0 = Release|Any CPU
	EndGlobalSection
	GlobalSection(SolutionProperties) = preSolution
		HideSolutionNode = FALSE
	EndGlobalSection
EndGlobal
